
Microsoft Visual Studio Solution File, Format Version 12.00
# Visual Studio 14
VisualStudioVersion = 14.0.25420.1
MinimumVisualStudioVersion = 10.0.40219.1
Project("{FAE04EC0-301F-11D3-BF4B-00C04F79EFBC}") = "Forms_合成GIF", "Forms_合成GIF\Forms_合成GIF.csproj", "{3A4041C4-35E3-43C5-A993-FBC21EC026E0}"
EndProject
Global
	GlobalSection(SolutionConfigurationPlatforms) = preSolution
		Debug|Any CPU = Debug|Any CPU
		Release|Any CPU = Release|Any CPU
	EndGlobalSection
	GlobalSection(ProjectConfigurationPlatforms) = postSolution
		{3A4041C4-35E3-43C5-A993-FBC21EC026E0}.Debug|Any CPU.ActiveCfg = Debug|Any CPU
		{3A4041C4-35E3-43C5-A993-FBC21EC026E0}.Debug|Any CPU.Build.0 = Debug|Any CPU
		{3A4041C4-35E3-43C5-A993-FBC21EC026E0}.Release|Any CPU.ActiveCfg = Release|Any CPU
		{3A4041C4-35E3-43C5-A993-FBC21EC026E0}.Release|Any CPU.Build.0 = Release|Any CPU
	EndGlobalSection
	GlobalSection(SolutionProperties) = preSolution
		HideSolutionNode = FALSE
	EndGlobalSection
EndGlobal
